// !$*UTF8*$!
{
	archiveVersion = 1;
	classes = {
	};
	objectVersion = 51;
	objects = {

/* Begin PBXBuildFile section */
		8E6ED5970562EB5DE61A5B48 /* Pods_desafio_ios_gabriel_leal.framework in Frameworks */ = {isa = PBXBuildFile; fileRef = 52B2C82DDFE7ABF1E39DCD7A /* Pods_desafio_ios_gabriel_leal.framework */; };
		9417B9372437A0D300990886 /* CharacterListViewController.swift in Sources */ = {isa = PBXBuildFile; fileRef = 9417B9352437A0D300990886 /* CharacterListViewController.swift */; };
		9417B9382437A0D300990886 /* CharacterListXib.xib in Resources */ = {isa = PBXBuildFile; fileRef = 9417B9362437A0D300990886 /* CharacterListXib.xib */; };
		9417B9402437A57600990886 /* CharacterListCollectionViewCell.swift in Sources */ = {isa = PBXBuildFile; fileRef = 9417B93E2437A57600990886 /* CharacterListCollectionViewCell.swift */; };
		9417B9412437A57600990886 /* CharacterListCollectionViewCell.xib in Resources */ = {isa = PBXBuildFile; fileRef = 9417B93F2437A57600990886 /* CharacterListCollectionViewCell.xib */; };
		9417B9442437AE9400990886 /* CharacterListViewModel.swift in Sources */ = {isa = PBXBuildFile; fileRef = 9417B9432437AE9400990886 /* CharacterListViewModel.swift */; };
		9417B9472437B09100990886 /* CharacterListCellViewModel.swift in Sources */ = {isa = PBXBuildFile; fileRef = 9417B9462437B09100990886 /* CharacterListCellViewModel.swift */; };
		9419AE5024395CD00029087E /* CharacterDetailsViewModel.swift in Sources */ = {isa = PBXBuildFile; fileRef = 9419AE4F24395CD00029087E /* CharacterDetailsViewModel.swift */; };
		9419AE5524395FB60029087E /* Router.swift in Sources */ = {isa = PBXBuildFile; fileRef = 9419AE5424395FB60029087E /* Router.swift */; };
		9419AE57243A240A0029087E /* UINavigationControllerExtension.swift in Sources */ = {isa = PBXBuildFile; fileRef = 9419AE56243A240A0029087E /* UINavigationControllerExtension.swift */; };
		944C5422243A79FD0043AB7C /* loading.json in Resources */ = {isa = PBXBuildFile; fileRef = 944C5421243A79FD0043AB7C /* loading.json */; };
		944C5425243A82850043AB7C /* UIImageExtension.swift in Sources */ = {isa = PBXBuildFile; fileRef = 944C5424243A82850043AB7C /* UIImageExtension.swift */; };
		945206C1243A4E42005EEA8D /* CharacterExpensiveComicViewModel.swift in Sources */ = {isa = PBXBuildFile; fileRef = 945206C0243A4E42005EEA8D /* CharacterExpensiveComicViewModel.swift */; };
		945206C5243A66A0005EEA8D /* CharacterExpensiveComicTableViewCell.swift in Sources */ = {isa = PBXBuildFile; fileRef = 945206C3243A66A0005EEA8D /* CharacterExpensiveComicTableViewCell.swift */; };
		945206C6243A66A0005EEA8D /* CharacterExpensiveComicCell.xib in Resources */ = {isa = PBXBuildFile; fileRef = 945206C4243A66A0005EEA8D /* CharacterExpensiveComicCell.xib */; };
		945206C9243A6949005EEA8D /* CharacterExpensiveCellViewModel.swift in Sources */ = {isa = PBXBuildFile; fileRef = 945206C8243A6949005EEA8D /* CharacterExpensiveCellViewModel.swift */; };
		945C594C24369CA100FAECE5 /* AppDelegate.swift in Sources */ = {isa = PBXBuildFile; fileRef = 945C594B24369CA100FAECE5 /* AppDelegate.swift */; };
		945C594E24369CA100FAECE5 /* SceneDelegate.swift in Sources */ = {isa = PBXBuildFile; fileRef = 945C594D24369CA100FAECE5 /* SceneDelegate.swift */; };
		945C595524369CA400FAECE5 /* Assets.xcassets in Resources */ = {isa = PBXBuildFile; fileRef = 945C595424369CA400FAECE5 /* Assets.xcassets */; };
		945C595824369CA400FAECE5 /* LaunchScreen.storyboard in Resources */ = {isa = PBXBuildFile; fileRef = 945C595624369CA400FAECE5 /* LaunchScreen.storyboard */; };
		945C596324369CA400FAECE5 /* desafio_ios_gabriel_lealTests.swift in Sources */ = {isa = PBXBuildFile; fileRef = 945C596224369CA400FAECE5 /* desafio_ios_gabriel_lealTests.swift */; };
		945C596F24369FF100FAECE5 /* APIKeys.swift in Sources */ = {isa = PBXBuildFile; fileRef = 945C596E24369FF100FAECE5 /* APIKeys.swift */; };
		945C59712436A0D600FAECE5 /* ApiManager.swift in Sources */ = {isa = PBXBuildFile; fileRef = 945C59702436A0D600FAECE5 /* ApiManager.swift */; };
		945C59752436A0F600FAECE5 /* ServicesProtocol.swift in Sources */ = {isa = PBXBuildFile; fileRef = 945C59742436A0F600FAECE5 /* ServicesProtocol.swift */; };
		945C59782436A18F00FAECE5 /* StaticStrings.swift in Sources */ = {isa = PBXBuildFile; fileRef = 945C59772436A18F00FAECE5 /* StaticStrings.swift */; };
		945C597B2436A1A900FAECE5 /* StringExtension.swift in Sources */ = {isa = PBXBuildFile; fileRef = 945C597A2436A1A900FAECE5 /* StringExtension.swift */; };
		945C597E2436A63900FAECE5 /* Services.swift in Sources */ = {isa = PBXBuildFile; fileRef = 945C597D2436A63900FAECE5 /* Services.swift */; };
		945C59812436AADF00FAECE5 /* Character.swift in Sources */ = {isa = PBXBuildFile; fileRef = 945C59802436AADF00FAECE5 /* Character.swift */; };
		945C598A24375C6100FAECE5 /* Comics.swift in Sources */ = {isa = PBXBuildFile; fileRef = 945C598924375C6100FAECE5 /* Comics.swift */; };
		945C598C24375C8800FAECE5 /* Stories.swift in Sources */ = {isa = PBXBuildFile; fileRef = 945C598B24375C8800FAECE5 /* Stories.swift */; };
		945C598E24375CC400FAECE5 /* Thumbnail.swift in Sources */ = {isa = PBXBuildFile; fileRef = 945C598D24375CC400FAECE5 /* Thumbnail.swift */; };
		945C599024375CD600FAECE5 /* URL.swift in Sources */ = {isa = PBXBuildFile; fileRef = 945C598F24375CD600FAECE5 /* URL.swift */; };
		949B98D7243A440D000E8E89 /* CharacterComics.swift in Sources */ = {isa = PBXBuildFile; fileRef = 949B98D6243A440D000E8E89 /* CharacterComics.swift */; };
		949B98DA243A4748000E8E89 /* CharacterTableViewCellViewModel.swift in Sources */ = {isa = PBXBuildFile; fileRef = 949B98D9243A4748000E8E89 /* CharacterTableViewCellViewModel.swift */; };
		949B98E0243A4BB3000E8E89 /* CharacterExpensiveComicViewController.swift in Sources */ = {isa = PBXBuildFile; fileRef = 949B98DE243A4BB3000E8E89 /* CharacterExpensiveComicViewController.swift */; };
		949B98E1243A4BB3000E8E89 /* CharacterExpensiveComicXib.xib in Resources */ = {isa = PBXBuildFile; fileRef = 949B98DF243A4BB3000E8E89 /* CharacterExpensiveComicXib.xib */; };
		94C5086D24395AA3000FD7A0 /* CharacterDetailsViewController.swift in Sources */ = {isa = PBXBuildFile; fileRef = 94C5086B24395AA3000FD7A0 /* CharacterDetailsViewController.swift */; };
		94C5086E24395AA3000FD7A0 /* CharacterDetailsXib.xib in Resources */ = {isa = PBXBuildFile; fileRef = 94C5086C24395AA3000FD7A0 /* CharacterDetailsXib.xib */; };
		94C5087124395B65000FD7A0 /* CharacterTableViewCell.swift in Sources */ = {isa = PBXBuildFile; fileRef = 94C5086F24395B65000FD7A0 /* CharacterTableViewCell.swift */; };
		94C5087224395B65000FD7A0 /* CharacterTableViewCell.xib in Resources */ = {isa = PBXBuildFile; fileRef = 94C5087024395B65000FD7A0 /* CharacterTableViewCell.xib */; };
		C098AEF15B8FF613FFE69D89 /* Pods_desafio_ios_gabriel_lealTests.framework in Frameworks */ = {isa = PBXBuildFile; fileRef = 1111CD01B99350BC5C8EBD4C /* Pods_desafio_ios_gabriel_lealTests.framework */; };
/* End PBXBuildFile section */

/* Begin PBXContainerItemProxy section */
		945C595F24369CA400FAECE5 /* PBXContainerItemProxy */ = {
			isa = PBXContainerItemProxy;
			containerPortal = 945C594024369CA100FAECE5 /* Project object */;
			proxyType = 1;
			remoteGlobalIDString = 945C594724369CA100FAECE5;
			remoteInfo = "desafio-ios-gabriel-leal";
		};
/* End PBXContainerItemProxy section */

/* Begin PBXFileReference section */
		1111CD01B99350BC5C8EBD4C /* Pods_desafio_ios_gabriel_lealTests.framework */ = {isa = PBXFileReference; explicitFileType = wrapper.framework; includeInIndex = 0; path = Pods_desafio_ios_gabriel_lealTests.framework; sourceTree = BUILT_PRODUCTS_DIR; };
		1174B1B660417650F509D2F8 /* Pods-desafio-ios-gabriel-leal.debug.xcconfig */ = {isa = PBXFileReference; includeInIndex = 1; lastKnownFileType = text.xcconfig; name = "Pods-desafio-ios-gabriel-leal.debug.xcconfig"; path = "Target Support Files/Pods-desafio-ios-gabriel-leal/Pods-desafio-ios-gabriel-leal.debug.xcconfig"; sourceTree = "<group>"; };
		2CA693B4745A16DCC8B6111C /* Pods-desafio-ios-gabriel-lealTests.release.xcconfig */ = {isa = PBXFileReference; includeInIndex = 1; lastKnownFileType = text.xcconfig; name = "Pods-desafio-ios-gabriel-lealTests.release.xcconfig"; path = "Target Support Files/Pods-desafio-ios-gabriel-lealTests/Pods-desafio-ios-gabriel-lealTests.release.xcconfig"; sourceTree = "<group>"; };
		52B2C82DDFE7ABF1E39DCD7A /* Pods_desafio_ios_gabriel_leal.framework */ = {isa = PBXFileReference; explicitFileType = wrapper.framework; includeInIndex = 0; path = Pods_desafio_ios_gabriel_leal.framework; sourceTree = BUILT_PRODUCTS_DIR; };
		931DF7059A8AA72438D195B7 /* Pods-desafio-ios-gabriel-leal.release.xcconfig */ = {isa = PBXFileReference; includeInIndex = 1; lastKnownFileType = text.xcconfig; name = "Pods-desafio-ios-gabriel-leal.release.xcconfig"; path = "Target Support Files/Pods-desafio-ios-gabriel-leal/Pods-desafio-ios-gabriel-leal.release.xcconfig"; sourceTree = "<group>"; };
		9417B9352437A0D300990886 /* CharacterListViewController.swift */ = {isa = PBXFileReference; lastKnownFileType = sourcecode.swift; path = CharacterListViewController.swift; sourceTree = "<group>"; };
		9417B9362437A0D300990886 /* CharacterListXib.xib */ = {isa = PBXFileReference; lastKnownFileType = file.xib; path = CharacterListXib.xib; sourceTree = "<group>"; };
		9417B93E2437A57600990886 /* CharacterListCollectionViewCell.swift */ = {isa = PBXFileReference; lastKnownFileType = sourcecode.swift; path = CharacterListCollectionViewCell.swift; sourceTree = "<group>"; };
		9417B93F2437A57600990886 /* CharacterListCollectionViewCell.xib */ = {isa = PBXFileReference; lastKnownFileType = file.xib; path = CharacterListCollectionViewCell.xib; sourceTree = "<group>"; };
		9417B9432437AE9400990886 /* CharacterListViewModel.swift */ = {isa = PBXFileReference; lastKnownFileType = sourcecode.swift; path = CharacterListViewModel.swift; sourceTree = "<group>"; };
		9417B9462437B09100990886 /* CharacterListCellViewModel.swift */ = {isa = PBXFileReference; lastKnownFileType = sourcecode.swift; path = CharacterListCellViewModel.swift; sourceTree = "<group>"; };
		9419AE4F24395CD00029087E /* CharacterDetailsViewModel.swift */ = {isa = PBXFileReference; lastKnownFileType = sourcecode.swift; path = CharacterDetailsViewModel.swift; sourceTree = "<group>"; };
		9419AE5424395FB60029087E /* Router.swift */ = {isa = PBXFileReference; lastKnownFileType = sourcecode.swift; path = Router.swift; sourceTree = "<group>"; };
		9419AE56243A240A0029087E /* UINavigationControllerExtension.swift */ = {isa = PBXFileReference; lastKnownFileType = sourcecode.swift; path = UINavigationControllerExtension.swift; sourceTree = "<group>"; };
		944C5421243A79FD0043AB7C /* loading.json */ = {isa = PBXFileReference; fileEncoding = 4; lastKnownFileType = text.json; path = loading.json; sourceTree = "<group>"; };
		944C5424243A82850043AB7C /* UIImageExtension.swift */ = {isa = PBXFileReference; lastKnownFileType = sourcecode.swift; path = UIImageExtension.swift; sourceTree = "<group>"; };
		945206C0243A4E42005EEA8D /* CharacterExpensiveComicViewModel.swift */ = {isa = PBXFileReference; lastKnownFileType = sourcecode.swift; path = CharacterExpensiveComicViewModel.swift; sourceTree = "<group>"; };
		945206C3243A66A0005EEA8D /* CharacterExpensiveComicTableViewCell.swift */ = {isa = PBXFileReference; lastKnownFileType = sourcecode.swift; path = CharacterExpensiveComicTableViewCell.swift; sourceTree = "<group>"; };
		945206C4243A66A0005EEA8D /* CharacterExpensiveComicCell.xib */ = {isa = PBXFileReference; lastKnownFileType = file.xib; path = CharacterExpensiveComicCell.xib; sourceTree = "<group>"; };
		945206C8243A6949005EEA8D /* CharacterExpensiveCellViewModel.swift */ = {isa = PBXFileReference; lastKnownFileType = sourcecode.swift; path = CharacterExpensiveCellViewModel.swift; sourceTree = "<group>"; };
		945C594824369CA100FAECE5 /* desafio-ios-gabriel-leal.app */ = {isa = PBXFileReference; explicitFileType = wrapper.application; includeInIndex = 0; path = "desafio-ios-gabriel-leal.app"; sourceTree = BUILT_PRODUCTS_DIR; };
		945C594B24369CA100FAECE5 /* AppDelegate.swift */ = {isa = PBXFileReference; lastKnownFileType = sourcecode.swift; path = AppDelegate.swift; sourceTree = "<group>"; };
		945C594D24369CA100FAECE5 /* SceneDelegate.swift */ = {isa = PBXFileReference; lastKnownFileType = sourcecode.swift; path = SceneDelegate.swift; sourceTree = "<group>"; };
		945C595424369CA400FAECE5 /* Assets.xcassets */ = {isa = PBXFileReference; lastKnownFileType = folder.assetcatalog; path = Assets.xcassets; sourceTree = "<group>"; };
		945C595724369CA400FAECE5 /* Base */ = {isa = PBXFileReference; lastKnownFileType = file.storyboard; name = Base; path = Base.lproj/LaunchScreen.storyboard; sourceTree = "<group>"; };
		945C595924369CA400FAECE5 /* Info.plist */ = {isa = PBXFileReference; lastKnownFileType = text.plist.xml; path = Info.plist; sourceTree = "<group>"; };
		945C595E24369CA400FAECE5 /* desafio-ios-gabriel-lealTests.xctest */ = {isa = PBXFileReference; explicitFileType = wrapper.cfbundle; includeInIndex = 0; path = "desafio-ios-gabriel-lealTests.xctest"; sourceTree = BUILT_PRODUCTS_DIR; };
		945C596224369CA400FAECE5 /* desafio_ios_gabriel_lealTests.swift */ = {isa = PBXFileReference; lastKnownFileType = sourcecode.swift; path = desafio_ios_gabriel_lealTests.swift; sourceTree = "<group>"; };
		945C596424369CA400FAECE5 /* Info.plist */ = {isa = PBXFileReference; lastKnownFileType = text.plist.xml; path = Info.plist; sourceTree = "<group>"; };
		945C596E24369FF100FAECE5 /* APIKeys.swift */ = {isa = PBXFileReference; lastKnownFileType = sourcecode.swift; path = APIKeys.swift; sourceTree = "<group>"; };
		945C59702436A0D600FAECE5 /* ApiManager.swift */ = {isa = PBXFileReference; lastKnownFileType = sourcecode.swift; path = ApiManager.swift; sourceTree = "<group>"; };
		945C59742436A0F600FAECE5 /* ServicesProtocol.swift */ = {isa = PBXFileReference; lastKnownFileType = sourcecode.swift; path = ServicesProtocol.swift; sourceTree = "<group>"; };
		945C59772436A18F00FAECE5 /* StaticStrings.swift */ = {isa = PBXFileReference; lastKnownFileType = sourcecode.swift; path = StaticStrings.swift; sourceTree = "<group>"; };
		945C597A2436A1A900FAECE5 /* StringExtension.swift */ = {isa = PBXFileReference; lastKnownFileType = sourcecode.swift; path = StringExtension.swift; sourceTree = "<group>"; };
		945C597D2436A63900FAECE5 /* Services.swift */ = {isa = PBXFileReference; lastKnownFileType = sourcecode.swift; path = Services.swift; sourceTree = "<group>"; };
		945C59802436AADF00FAECE5 /* Character.swift */ = {isa = PBXFileReference; lastKnownFileType = sourcecode.swift; path = Character.swift; sourceTree = "<group>"; };
		945C598924375C6100FAECE5 /* Comics.swift */ = {isa = PBXFileReference; lastKnownFileType = sourcecode.swift; path = Comics.swift; sourceTree = "<group>"; };
		945C598B24375C8800FAECE5 /* Stories.swift */ = {isa = PBXFileReference; lastKnownFileType = sourcecode.swift; path = Stories.swift; sourceTree = "<group>"; };
		945C598D24375CC400FAECE5 /* Thumbnail.swift */ = {isa = PBXFileReference; lastKnownFileType = sourcecode.swift; path = Thumbnail.swift; sourceTree = "<group>"; };
		945C598F24375CD600FAECE5 /* URL.swift */ = {isa = PBXFileReference; lastKnownFileType = sourcecode.swift; path = URL.swift; sourceTree = "<group>"; };
		949B98D6243A440D000E8E89 /* CharacterComics.swift */ = {isa = PBXFileReference; lastKnownFileType = sourcecode.swift; path = CharacterComics.swift; sourceTree = "<group>"; };
		949B98D9243A4748000E8E89 /* CharacterTableViewCellViewModel.swift */ = {isa = PBXFileReference; lastKnownFileType = sourcecode.swift; path = CharacterTableViewCellViewModel.swift; sourceTree = "<group>"; };
		949B98DE243A4BB3000E8E89 /* CharacterExpensiveComicViewController.swift */ = {isa = PBXFileReference; lastKnownFileType = sourcecode.swift; path = CharacterExpensiveComicViewController.swift; sourceTree = "<group>"; };
		949B98DF243A4BB3000E8E89 /* CharacterExpensiveComicXib.xib */ = {isa = PBXFileReference; lastKnownFileType = file.xib; path = CharacterExpensiveComicXib.xib; sourceTree = "<group>"; };
		94C5086B24395AA3000FD7A0 /* CharacterDetailsViewController.swift */ = {isa = PBXFileReference; lastKnownFileType = sourcecode.swift; path = CharacterDetailsViewController.swift; sourceTree = "<group>"; };
		94C5086C24395AA3000FD7A0 /* CharacterDetailsXib.xib */ = {isa = PBXFileReference; lastKnownFileType = file.xib; path = CharacterDetailsXib.xib; sourceTree = "<group>"; };
		94C5086F24395B65000FD7A0 /* CharacterTableViewCell.swift */ = {isa = PBXFileReference; lastKnownFileType = sourcecode.swift; path = CharacterTableViewCell.swift; sourceTree = "<group>"; };
		94C5087024395B65000FD7A0 /* CharacterTableViewCell.xib */ = {isa = PBXFileReference; lastKnownFileType = file.xib; path = CharacterTableViewCell.xib; sourceTree = "<group>"; };
		C0EBDC74865735D7C401002C /* Pods-desafio-ios-gabriel-lealTests.debug.xcconfig */ = {isa = PBXFileReference; includeInIndex = 1; lastKnownFileType = text.xcconfig; name = "Pods-desafio-ios-gabriel-lealTests.debug.xcconfig"; path = "Target Support Files/Pods-desafio-ios-gabriel-lealTests/Pods-desafio-ios-gabriel-lealTests.debug.xcconfig"; sourceTree = "<group>"; };
/* End PBXFileReference section */

/* Begin PBXFrameworksBuildPhase section */
		945C594524369CA100FAECE5 /* Frameworks */ = {
			isa = PBXFrameworksBuildPhase;
			buildActionMask = 2147483647;
			files = (
				8E6ED5970562EB5DE61A5B48 /* Pods_desafio_ios_gabriel_leal.framework in Frameworks */,
			);
			runOnlyForDeploymentPostprocessing = 0;
		};
		945C595B24369CA400FAECE5 /* Frameworks */ = {
			isa = PBXFrameworksBuildPhase;
			buildActionMask = 2147483647;
			files = (
				C098AEF15B8FF613FFE69D89 /* Pods_desafio_ios_gabriel_lealTests.framework in Frameworks */,
			);
			runOnlyForDeploymentPostprocessing = 0;
		};
/* End PBXFrameworksBuildPhase section */

/* Begin PBXGroup section */
		2173E138446FA5FAB30B4FA6 /* Pods */ = {
			isa = PBXGroup;
			children = (
				1174B1B660417650F509D2F8 /* Pods-desafio-ios-gabriel-leal.debug.xcconfig */,
				931DF7059A8AA72438D195B7 /* Pods-desafio-ios-gabriel-leal.release.xcconfig */,
				C0EBDC74865735D7C401002C /* Pods-desafio-ios-gabriel-lealTests.debug.xcconfig */,
				2CA693B4745A16DCC8B6111C /* Pods-desafio-ios-gabriel-lealTests.release.xcconfig */,
			);
			path = Pods;
			sourceTree = "<group>";
		};
		9417B9322437A0B300990886 /* Feature */ = {
			isa = PBXGroup;
			children = (
				9417B9332437A0BD00990886 /* CharacterList */,
				94C5086324395A15000FD7A0 /* CharacterDetails */,
				949B98DB243A4B6C000E8E89 /* CharacterExpensiveComic */,
			);
			path = Feature;
			sourceTree = "<group>";
		};
		9417B9332437A0BD00990886 /* CharacterList */ = {
			isa = PBXGroup;
			children = (
				9417B9342437A0C400990886 /* View */,
				9417B9422437AE7900990886 /* ViewModel */,
				9417B9392437A4FF00990886 /* Cells */,
			);
			path = CharacterList;
			sourceTree = "<group>";
		};
		9417B9342437A0C400990886 /* View */ = {
			isa = PBXGroup;
			children = (
				94C5086724395A48000FD7A0 /* Controller */,
				94C5086624395A3A000FD7A0 /* Xibs */,
			);
			path = View;
			sourceTree = "<group>";
		};
		9417B9392437A4FF00990886 /* Cells */ = {
			isa = PBXGroup;
			children = (
				9417B9452437B08200990886 /* ViewModel */,
				9417B93E2437A57600990886 /* CharacterListCollectionViewCell.swift */,
				9417B93F2437A57600990886 /* CharacterListCollectionViewCell.xib */,
			);
			path = Cells;
			sourceTree = "<group>";
		};
		9417B9422437AE7900990886 /* ViewModel */ = {
			isa = PBXGroup;
			children = (
				9417B9432437AE9400990886 /* CharacterListViewModel.swift */,
			);
			path = ViewModel;
			sourceTree = "<group>";
		};
		9417B9452437B08200990886 /* ViewModel */ = {
			isa = PBXGroup;
			children = (
				9417B9462437B09100990886 /* CharacterListCellViewModel.swift */,
			);
			path = ViewModel;
			sourceTree = "<group>";
		};
		9419AE5324395FAD0029087E /* Router */ = {
			isa = PBXGroup;
			children = (
				9419AE5424395FB60029087E /* Router.swift */,
			);
			path = Router;
			sourceTree = "<group>";
		};
		945206C2243A6680005EEA8D /* Cells */ = {
			isa = PBXGroup;
			children = (
				945206C7243A6935005EEA8D /* ViewModel */,
				945206C3243A66A0005EEA8D /* CharacterExpensiveComicTableViewCell.swift */,
				945206C4243A66A0005EEA8D /* CharacterExpensiveComicCell.xib */,
			);
			path = Cells;
			sourceTree = "<group>";
		};
		945206C7243A6935005EEA8D /* ViewModel */ = {
			isa = PBXGroup;
			children = (
				945206C8243A6949005EEA8D /* CharacterExpensiveCellViewModel.swift */,
			);
			path = ViewModel;
			sourceTree = "<group>";
		};
		945C593F24369CA100FAECE5 = {
			isa = PBXGroup;
			children = (
				945C594A24369CA100FAECE5 /* desafio-ios-gabriel-leal */,
				945C596124369CA400FAECE5 /* desafio-ios-gabriel-lealTests */,
				945C594924369CA100FAECE5 /* Products */,
				2173E138446FA5FAB30B4FA6 /* Pods */,
				E13A2066FC9503667A431B13 /* Frameworks */,
			);
			sourceTree = "<group>";
		};
		945C594924369CA100FAECE5 /* Products */ = {
			isa = PBXGroup;
			children = (
				945C594824369CA100FAECE5 /* desafio-ios-gabriel-leal.app */,
				945C595E24369CA400FAECE5 /* desafio-ios-gabriel-lealTests.xctest */,
			);
			name = Products;
			sourceTree = "<group>";
		};
		945C594A24369CA100FAECE5 /* desafio-ios-gabriel-leal */ = {
			isa = PBXGroup;
			children = (
				945C595924369CA400FAECE5 /* Info.plist */,
				94C5087424395B7B000FD7A0 /* Resources */,
				9417B9322437A0B300990886 /* Feature */,
				945C597F2436AAD300FAECE5 /* Models */,
				945C597C2436A5F600FAECE5 /* Network */,
				945C59762436A15000FAECE5 /* Commons */,
				945C596D24369FE400FAECE5 /* Services */,
			);
			path = "desafio-ios-gabriel-leal";
			sourceTree = "<group>";
		};
		945C596124369CA400FAECE5 /* desafio-ios-gabriel-lealTests */ = {
			isa = PBXGroup;
			children = (
				945C596224369CA400FAECE5 /* desafio_ios_gabriel_lealTests.swift */,
				945C596424369CA400FAECE5 /* Info.plist */,
			);
			path = "desafio-ios-gabriel-lealTests";
			sourceTree = "<group>";
		};
		945C596D24369FE400FAECE5 /* Services */ = {
			isa = PBXGroup;
			children = (
				945C59742436A0F600FAECE5 /* ServicesProtocol.swift */,
				945C597D2436A63900FAECE5 /* Services.swift */,
			);
			path = Services;
			sourceTree = "<group>";
		};
		945C59762436A15000FAECE5 /* Commons */ = {
			isa = PBXGroup;
			children = (
				9419AE5324395FAD0029087E /* Router */,
				945C59792436A19800FAECE5 /* Extensions */,
				945C59772436A18F00FAECE5 /* StaticStrings.swift */,
			);
			path = Commons;
			sourceTree = "<group>";
		};
		945C59792436A19800FAECE5 /* Extensions */ = {
			isa = PBXGroup;
			children = (
				945C597A2436A1A900FAECE5 /* StringExtension.swift */,
				9419AE56243A240A0029087E /* UINavigationControllerExtension.swift */,
				944C5424243A82850043AB7C /* UIImageExtension.swift */,
			);
			path = Extensions;
			sourceTree = "<group>";
		};
		945C597C2436A5F600FAECE5 /* Network */ = {
			isa = PBXGroup;
			children = (
				945C59702436A0D600FAECE5 /* ApiManager.swift */,
				945C596E24369FF100FAECE5 /* APIKeys.swift */,
			);
			path = Network;
			sourceTree = "<group>";
		};
		945C597F2436AAD300FAECE5 /* Models */ = {
			isa = PBXGroup;
			children = (
				945C59802436AADF00FAECE5 /* Character.swift */,
				945C598924375C6100FAECE5 /* Comics.swift */,
				945C598B24375C8800FAECE5 /* Stories.swift */,
				945C598D24375CC400FAECE5 /* Thumbnail.swift */,
				945C598F24375CD600FAECE5 /* URL.swift */,
				949B98D6243A440D000E8E89 /* CharacterComics.swift */,
			);
			path = Models;
			sourceTree = "<group>";
		};
		949B98D8243A4736000E8E89 /* ViewModel */ = {
			isa = PBXGroup;
			children = (
				949B98D9243A4748000E8E89 /* CharacterTableViewCellViewModel.swift */,
			);
			path = ViewModel;
			sourceTree = "<group>";
		};
		949B98DB243A4B6C000E8E89 /* CharacterExpensiveComic */ = {
			isa = PBXGroup;
			children = (
				949B98DD243A4B97000E8E89 /* ViewModel */,
				949B98DC243A4B93000E8E89 /* View */,
			);
			path = CharacterExpensiveComic;
			sourceTree = "<group>";
		};
		949B98DC243A4B93000E8E89 /* View */ = {
			isa = PBXGroup;
			children = (
				945206C2243A6680005EEA8D /* Cells */,
				949B98E3243A4BBF000E8E89 /* Xib */,
				949B98E2243A4BB7000E8E89 /* Controller */,
			);
			path = View;
			sourceTree = "<group>";
		};
		949B98DD243A4B97000E8E89 /* ViewModel */ = {
			isa = PBXGroup;
			children = (
				945206C0243A4E42005EEA8D /* CharacterExpensiveComicViewModel.swift */,
			);
			path = ViewModel;
			sourceTree = "<group>";
		};
		949B98E2243A4BB7000E8E89 /* Controller */ = {
			isa = PBXGroup;
			children = (
				949B98DE243A4BB3000E8E89 /* CharacterExpensiveComicViewController.swift */,
			);
			path = Controller;
			sourceTree = "<group>";
		};
		949B98E3243A4BBF000E8E89 /* Xib */ = {
			isa = PBXGroup;
			children = (
				949B98DF243A4BB3000E8E89 /* CharacterExpensiveComicXib.xib */,
			);
			path = Xib;
			sourceTree = "<group>";
		};
		94C5086324395A15000FD7A0 /* CharacterDetails */ = {
			isa = PBXGroup;
			children = (
				94C5086524395A2A000FD7A0 /* ViewModel */,
				94C5086424395A26000FD7A0 /* View */,
			);
			path = CharacterDetails;
			sourceTree = "<group>";
		};
		94C5086424395A26000FD7A0 /* View */ = {
			isa = PBXGroup;
			children = (
				94C5087324395B69000FD7A0 /* Cells */,
				94C5086A24395A82000FD7A0 /* Controller */,
				94C5086924395A7C000FD7A0 /* Xib */,
			);
			path = View;
			sourceTree = "<group>";
		};
		94C5086524395A2A000FD7A0 /* ViewModel */ = {
			isa = PBXGroup;
			children = (
				9419AE4F24395CD00029087E /* CharacterDetailsViewModel.swift */,
			);
			path = ViewModel;
			sourceTree = "<group>";
		};
		94C5086624395A3A000FD7A0 /* Xibs */ = {
			isa = PBXGroup;
			children = (
				9417B9362437A0D300990886 /* CharacterListXib.xib */,
			);
			path = Xibs;
			sourceTree = "<group>";
		};
		94C5086724395A48000FD7A0 /* Controller */ = {
			isa = PBXGroup;
			children = (
				9417B9352437A0D300990886 /* CharacterListViewController.swift */,
			);
			path = Controller;
			sourceTree = "<group>";
		};
		94C5086924395A7C000FD7A0 /* Xib */ = {
			isa = PBXGroup;
			children = (
				94C5086C24395AA3000FD7A0 /* CharacterDetailsXib.xib */,
			);
			path = Xib;
			sourceTree = "<group>";
		};
		94C5086A24395A82000FD7A0 /* Controller */ = {
			isa = PBXGroup;
			children = (
				94C5086B24395AA3000FD7A0 /* CharacterDetailsViewController.swift */,
			);
			path = Controller;
			sourceTree = "<group>";
		};
		94C5087324395B69000FD7A0 /* Cells */ = {
			isa = PBXGroup;
			children = (
				949B98D8243A4736000E8E89 /* ViewModel */,
				94C5086F24395B65000FD7A0 /* CharacterTableViewCell.swift */,
				94C5087024395B65000FD7A0 /* CharacterTableViewCell.xib */,
			);
			path = Cells;
			sourceTree = "<group>";
		};
		94C5087424395B7B000FD7A0 /* Resources */ = {
			isa = PBXGroup;
			children = (
				944C5421243A79FD0043AB7C /* loading.json */,
				945C594B24369CA100FAECE5 /* AppDelegate.swift */,
				945C594D24369CA100FAECE5 /* SceneDelegate.swift */,
				945C595424369CA400FAECE5 /* Assets.xcassets */,
				945C595624369CA400FAECE5 /* LaunchScreen.storyboard */,
			);
			path = Resources;
			sourceTree = "<group>";
		};
		E13A2066FC9503667A431B13 /* Frameworks */ = {
			isa = PBXGroup;
			children = (
				52B2C82DDFE7ABF1E39DCD7A /* Pods_desafio_ios_gabriel_leal.framework */,
				1111CD01B99350BC5C8EBD4C /* Pods_desafio_ios_gabriel_lealTests.framework */,
			);
			name = Frameworks;
			sourceTree = "<group>";
		};
/* End PBXGroup section */

/* Begin PBXNativeTarget section */
		945C594724369CA100FAECE5 /* desafio-ios-gabriel-leal */ = {
			isa = PBXNativeTarget;
			buildConfigurationList = 945C596724369CA400FAECE5 /* Build configuration list for PBXNativeTarget "desafio-ios-gabriel-leal" */;
			buildPhases = (
				407A69C4B929DEC44CA748CF /* [CP] Check Pods Manifest.lock */,
				945C594424369CA100FAECE5 /* Sources */,
				945C594524369CA100FAECE5 /* Frameworks */,
				945C594624369CA100FAECE5 /* Resources */,
				9A63327837F5CA0D7432BCF5 /* [CP] Embed Pods Frameworks */,
			);
			buildRules = (
			);
			dependencies = (
			);
			name = "desafio-ios-gabriel-leal";
			productName = "desafio-ios-gabriel-leal";
			productReference = 945C594824369CA100FAECE5 /* desafio-ios-gabriel-leal.app */;
			productType = "com.apple.product-type.application";
		};
		945C595D24369CA400FAECE5 /* desafio-ios-gabriel-lealTests */ = {
			isa = PBXNativeTarget;
			buildConfigurationList = 945C596A24369CA400FAECE5 /* Build configuration list for PBXNativeTarget "desafio-ios-gabriel-lealTests" */;
			buildPhases = (
				2C7E2A358B11E53DC1FA285E /* [CP] Check Pods Manifest.lock */,
				945C595A24369CA400FAECE5 /* Sources */,
				945C595B24369CA400FAECE5 /* Frameworks */,
				945C595C24369CA400FAECE5 /* Resources */,
			);
			buildRules = (
			);
			dependencies = (
				945C596024369CA400FAECE5 /* PBXTargetDependency */,
			);
			name = "desafio-ios-gabriel-lealTests";
			productName = "desafio-ios-gabriel-lealTests";
			productReference = 945C595E24369CA400FAECE5 /* desafio-ios-gabriel-lealTests.xctest */;
			productType = "com.apple.product-type.bundle.unit-test";
		};
/* End PBXNativeTarget section */

/* Begin PBXProject section */
		945C594024369CA100FAECE5 /* Project object */ = {
			isa = PBXProject;
			attributes = {
				LastSwiftUpdateCheck = 1120;
				LastUpgradeCheck = 1120;
				ORGANIZATIONNAME = "Gabriel Sousa";
				TargetAttributes = {
					945C594724369CA100FAECE5 = {
						CreatedOnToolsVersion = 11.2;
					};
					945C595D24369CA400FAECE5 = {
						CreatedOnToolsVersion = 11.2;
						TestTargetID = 945C594724369CA100FAECE5;
					};
				};
			};
			buildConfigurationList = 945C594324369CA100FAECE5 /* Build configuration list for PBXProject "desafio-ios-gabriel-leal" */;
			compatibilityVersion = "Xcode 9.3";
			developmentRegion = en;
			hasScannedForEncodings = 0;
			knownRegions = (
				en,
				Base,
			);
			mainGroup = 945C593F24369CA100FAECE5;
			productRefGroup = 945C594924369CA100FAECE5 /* Products */;
			projectDirPath = "";
			projectRoot = "";
			targets = (
				945C594724369CA100FAECE5 /* desafio-ios-gabriel-leal */,
				945C595D24369CA400FAECE5 /* desafio-ios-gabriel-lealTests */,
			);
		};
/* End PBXProject section */

/* Begin PBXResourcesBuildPhase section */
		945C594624369CA100FAECE5 /* Resources */ = {
			isa = PBXResourcesBuildPhase;
			buildActionMask = 2147483647;
			files = (
				9417B9412437A57600990886 /* CharacterListCollectionViewCell.xib in Resources */,
				94C5086E24395AA3000FD7A0 /* CharacterDetailsXib.xib in Resources */,
				945C595824369CA400FAECE5 /* LaunchScreen.storyboard in Resources */,
				945206C6243A66A0005EEA8D /* CharacterExpensiveComicCell.xib in Resources */,
				945C595524369CA400FAECE5 /* Assets.xcassets in Resources */,
				949B98E1243A4BB3000E8E89 /* CharacterExpensiveComicXib.xib in Resources */,
				9417B9382437A0D300990886 /* CharacterListXib.xib in Resources */,
				94C5087224395B65000FD7A0 /* CharacterTableViewCell.xib in Resources */,
				944C5422243A79FD0043AB7C /* loading.json in Resources */,
			);
			runOnlyForDeploymentPostprocessing = 0;
		};
		945C595C24369CA400FAECE5 /* Resources */ = {
			isa = PBXResourcesBuildPhase;
			buildActionMask = 2147483647;
			files = (
			);
			runOnlyForDeploymentPostprocessing = 0;
		};
/* End PBXResourcesBuildPhase section */

/* Begin PBXShellScriptBuildPhase section */
		2C7E2A358B11E53DC1FA285E /* [CP] Check Pods Manifest.lock */ = {
			isa = PBXShellScriptBuildPhase;
			buildActionMask = 2147483647;
			files = (
			);
			inputFileListPaths = (
			);
			inputPaths = (
				"${PODS_PODFILE_DIR_PATH}/Podfile.lock",
				"${PODS_ROOT}/Manifest.lock",
			);
			name = "[CP] Check Pods Manifest.lock";
			outputFileListPaths = (
			);
			outputPaths = (
				"$(DERIVED_FILE_DIR)/Pods-desafio-ios-gabriel-lealTests-checkManifestLockResult.txt",
			);
			runOnlyForDeploymentPostprocessing = 0;
			shellPath = /bin/sh;
			shellScript = "diff \"${PODS_PODFILE_DIR_PATH}/Podfile.lock\" \"${PODS_ROOT}/Manifest.lock\" > /dev/null\nif [ $? != 0 ] ; then\n    # print error to STDERR\n    echo \"error: The sandbox is not in sync with the Podfile.lock. Run 'pod install' or update your CocoaPods installation.\" >&2\n    exit 1\nfi\n# This output is used by Xcode 'outputs' to avoid re-running this script phase.\necho \"SUCCESS\" > \"${SCRIPT_OUTPUT_FILE_0}\"\n";
			showEnvVarsInLog = 0;
		};
		407A69C4B929DEC44CA748CF /* [CP] Check Pods Manifest.lock */ = {
			isa = PBXShellScriptBuildPhase;
			buildActionMask = 2147483647;
			files = (
			);
			inputFileListPaths = (
			);
			inputPaths = (
				"${PODS_PODFILE_DIR_PATH}/Podfile.lock",
				"${PODS_ROOT}/Manifest.lock",
			);
			name = "[CP] Check Pods Manifest.lock";
			outputFileListPaths = (
			);
			outputPaths = (
				"$(DERIVED_FILE_DIR)/Pods-desafio-ios-gabriel-leal-checkManifestLockResult.txt",
			);
			runOnlyForDeploymentPostprocessing = 0;
			shellPath = /bin/sh;
			shellScript = "diff \"${PODS_PODFILE_DIR_PATH}/Podfile.lock\" \"${PODS_ROOT}/Manifest.lock\" > /dev/null\nif [ $? != 0 ] ; then\n    # print error to STDERR\n    echo \"error: The sandbox is not in sync with the Podfile.lock. Run 'pod install' or update your CocoaPods installation.\" >&2\n    exit 1\nfi\n# This output is used by Xcode 'outputs' to avoid re-running this script phase.\necho \"SUCCESS\" > \"${SCRIPT_OUTPUT_FILE_0}\"\n";
			showEnvVarsInLog = 0;
		};
		9A63327837F5CA0D7432BCF5 /* [CP] Embed Pods Frameworks */ = {
			isa = PBXShellScriptBuildPhase;
			buildActionMask = 2147483647;
			files = (
			);
			inputFileListPaths = (
				"${PODS_ROOT}/Target Support Files/Pods-desafio-ios-gabriel-leal/Pods-desafio-ios-gabriel-leal-frameworks-${CONFIGURATION}-input-files.xcfilelist",
			);
			name = "[CP] Embed Pods Frameworks";
			outputFileListPaths = (
				"${PODS_ROOT}/Target Support Files/Pods-desafio-ios-gabriel-leal/Pods-desafio-ios-gabriel-leal-frameworks-${CONFIGURATION}-output-files.xcfilelist",
			);
			runOnlyForDeploymentPostprocessing = 0;
			shellPath = /bin/sh;
			shellScript = "\"${PODS_ROOT}/Target Support Files/Pods-desafio-ios-gabriel-leal/Pods-desafio-ios-gabriel-leal-frameworks.sh\"\n";
			showEnvVarsInLog = 0;
		};
/* End PBXShellScriptBuildPhase section */

/* Begin PBXSourcesBuildPhase section */
		945C594424369CA100FAECE5 /* Sources */ = {
			isa = PBXSourcesBuildPhase;
			buildActionMask = 2147483647;
			files = (
				945C59712436A0D600FAECE5 /* ApiManager.swift in Sources */,
				9417B9402437A57600990886 /* CharacterListCollectionViewCell.swift in Sources */,
				945C594C24369CA100FAECE5 /* AppDelegate.swift in Sources */,
				945206C5243A66A0005EEA8D /* CharacterExpensiveComicTableViewCell.swift in Sources */,
				945C599024375CD600FAECE5 /* URL.swift in Sources */,
				949B98E0243A4BB3000E8E89 /* CharacterExpensiveComicViewController.swift in Sources */,
				945C59752436A0F600FAECE5 /* ServicesProtocol.swift in Sources */,
				9417B9472437B09100990886 /* CharacterListCellViewModel.swift in Sources */,
				945206C9243A6949005EEA8D /* CharacterExpensiveCellViewModel.swift in Sources */,
				9417B9372437A0D300990886 /* CharacterListViewController.swift in Sources */,
				9419AE57243A240A0029087E /* UINavigationControllerExtension.swift in Sources */,
				945C596F24369FF100FAECE5 /* APIKeys.swift in Sources */,
				94C5087124395B65000FD7A0 /* CharacterTableViewCell.swift in Sources */,
				945C598A24375C6100FAECE5 /* Comics.swift in Sources */,
				9419AE5524395FB60029087E /* Router.swift in Sources */,
				945C598E24375CC400FAECE5 /* Thumbnail.swift in Sources */,
				945C59782436A18F00FAECE5 /* StaticStrings.swift in Sources */,
				945C597B2436A1A900FAECE5 /* StringExtension.swift in Sources */,
				9419AE5024395CD00029087E /* CharacterDetailsViewModel.swift in Sources */,
				944C5425243A82850043AB7C /* UIImageExtension.swift in Sources */,
				949B98D7243A440D000E8E89 /* CharacterComics.swift in Sources */,
				945C59812436AADF00FAECE5 /* Character.swift in Sources */,
				949B98DA243A4748000E8E89 /* CharacterTableViewCellViewModel.swift in Sources */,
				945206C1243A4E42005EEA8D /* CharacterExpensiveComicViewModel.swift in Sources */,
				9417B9442437AE9400990886 /* CharacterListViewModel.swift in Sources */,
				945C598C24375C8800FAECE5 /* Stories.swift in Sources */,
				945C597E2436A63900FAECE5 /* Services.swift in Sources */,
				945C594E24369CA100FAECE5 /* SceneDelegate.swift in Sources */,
				94C5086D24395AA3000FD7A0 /* CharacterDetailsViewController.swift in Sources */,
			);
			runOnlyForDeploymentPostprocessing = 0;
		};
		945C595A24369CA400FAECE5 /* Sources */ = {
			isa = PBXSourcesBuildPhase;
			buildActionMask = 2147483647;
			files = (
				945C596324369CA400FAECE5 /* desafio_ios_gabriel_lealTests.swift in Sources */,
			);
			runOnlyForDeploymentPostprocessing = 0;
		};
/* End PBXSourcesBuildPhase section */

/* Begin PBXTargetDependency section */
		945C596024369CA400FAECE5 /* PBXTargetDependency */ = {
			isa = PBXTargetDependency;
			target = 945C594724369CA100FAECE5 /* desafio-ios-gabriel-leal */;
			targetProxy = 945C595F24369CA400FAECE5 /* PBXContainerItemProxy */;
		};
/* End PBXTargetDependency section */

/* Begin PBXVariantGroup section */
		945C595624369CA400FAECE5 /* LaunchScreen.storyboard */ = {
			isa = PBXVariantGroup;
			children = (
				945C595724369CA400FAECE5 /* Base */,
			);
			name = LaunchScreen.storyboard;
			sourceTree = "<group>";
		};
/* End PBXVariantGroup section */

/* Begin XCBuildConfiguration section */
		945C596524369CA400FAECE5 /* Debug */ = {
			isa = XCBuildConfiguration;
			buildSettings = {
				ALWAYS_SEARCH_USER_PATHS = NO;
				CLANG_ANALYZER_NONNULL = YES;
				CLANG_ANALYZER_NUMBER_OBJECT_CONVERSION = YES_AGGRESSIVE;
				CLANG_CXX_LANGUAGE_STANDARD = "gnu++14";
				CLANG_CXX_LIBRARY = "libc++";
				CLANG_ENABLE_MODULES = YES;
				CLANG_ENABLE_OBJC_ARC = YES;
				CLANG_ENABLE_OBJC_WEAK = YES;
				CLANG_WARN_BLOCK_CAPTURE_AUTORELEASING = YES;
				CLANG_WARN_BOOL_CONVERSION = YES;
				CLANG_WARN_COMMA = YES;
				CLANG_WARN_CONSTANT_CONVERSION = YES;
				CLANG_WARN_DEPRECATED_OBJC_IMPLEMENTATIONS = YES;
				CLANG_WARN_DIRECT_OBJC_ISA_USAGE = YES_ERROR;
				CLANG_WARN_DOCUMENTATION_COMMENTS = YES;
				CLANG_WARN_EMPTY_BODY = YES;
				CLANG_WARN_ENUM_CONVERSION = YES;
				CLANG_WARN_INFINITE_RECURSION = YES;
				CLANG_WARN_INT_CONVERSION = YES;
				CLANG_WARN_NON_LITERAL_NULL_CONVERSION = YES;
				CLANG_WARN_OBJC_IMPLICIT_RETAIN_SELF = YES;
				CLANG_WARN_OBJC_LITERAL_CONVERSION = YES;
				CLANG_WARN_OBJC_ROOT_CLASS = YES_ERROR;
				CLANG_WARN_RANGE_LOOP_ANALYSIS = YES;
				CLANG_WARN_STRICT_PROTOTYPES = YES;
				CLANG_WARN_SUSPICIOUS_MOVE = YES;
				CLANG_WARN_UNGUARDED_AVAILABILITY = YES_AGGRESSIVE;
				CLANG_WARN_UNREACHABLE_CODE = YES;
				CLANG_WARN__DUPLICATE_METHOD_MATCH = YES;
				COPY_PHASE_STRIP = NO;
				DEBUG_INFORMATION_FORMAT = dwarf;
				ENABLE_STRICT_OBJC_MSGSEND = YES;
				ENABLE_TESTABILITY = YES;
				GCC_C_LANGUAGE_STANDARD = gnu11;
				GCC_DYNAMIC_NO_PIC = NO;
				GCC_NO_COMMON_BLOCKS = YES;
				GCC_OPTIMIZATION_LEVEL = 0;
				GCC_PREPROCESSOR_DEFINITIONS = (
					"DEBUG=1",
					"$(inherited)",
				);
				GCC_WARN_64_TO_32_BIT_CONVERSION = YES;
				GCC_WARN_ABOUT_RETURN_TYPE = YES_ERROR;
				GCC_WARN_UNDECLARED_SELECTOR = YES;
				GCC_WARN_UNINITIALIZED_AUTOS = YES_AGGRESSIVE;
				GCC_WARN_UNUSED_FUNCTION = YES;
				GCC_WARN_UNUSED_VARIABLE = YES;
				IPHONEOS_DEPLOYMENT_TARGET = 13.2;
				MTL_ENABLE_DEBUG_INFO = INCLUDE_SOURCE;
				MTL_FAST_MATH = YES;
				ONLY_ACTIVE_ARCH = YES;
				SDKROOT = iphoneos;
				SWIFT_ACTIVE_COMPILATION_CONDITIONS = DEBUG;
				SWIFT_OPTIMIZATION_LEVEL = "-Onone";
			};
			name = Debug;
		};
		945C596624369CA400FAECE5 /* Release */ = {
			isa = XCBuildConfiguration;
			buildSettings = {
				ALWAYS_SEARCH_USER_PATHS = NO;
				CLANG_ANALYZER_NONNULL = YES;
				CLANG_ANALYZER_NUMBER_OBJECT_CONVERSION = YES_AGGRESSIVE;
				CLANG_CXX_LANGUAGE_STANDARD = "gnu++14";
				CLANG_CXX_LIBRARY = "libc++";
				CLANG_ENABLE_MODULES = YES;
				CLANG_ENABLE_OBJC_ARC = YES;
				CLANG_ENABLE_OBJC_WEAK = YES;
				CLANG_WARN_BLOCK_CAPTURE_AUTORELEASING = YES;
				CLANG_WARN_BOOL_CONVERSION = YES;
				CLANG_WARN_COMMA = YES;
				CLANG_WARN_CONSTANT_CONVERSION = YES;
				CLANG_WARN_DEPRECATED_OBJC_IMPLEMENTATIONS = YES;
				CLANG_WARN_DIRECT_OBJC_ISA_USAGE = YES_ERROR;
				CLANG_WARN_DOCUMENTATION_COMMENTS = YES;
				CLANG_WARN_EMPTY_BODY = YES;
				CLANG_WARN_ENUM_CONVERSION = YES;
				CLANG_WARN_INFINITE_RECURSION = YES;
				CLANG_WARN_INT_CONVERSION = YES;
				CLANG_WARN_NON_LITERAL_NULL_CONVERSION = YES;
				CLANG_WARN_OBJC_IMPLICIT_RETAIN_SELF = YES;
				CLANG_WARN_OBJC_LITERAL_CONVERSION = YES;
				CLANG_WARN_OBJC_ROOT_CLASS = YES_ERROR;
				CLANG_WARN_RANGE_LOOP_ANALYSIS = YES;
				CLANG_WARN_STRICT_PROTOTYPES = YES;
				CLANG_WARN_SUSPICIOUS_MOVE = YES;
				CLANG_WARN_UNGUARDED_AVAILABILITY = YES_AGGRESSIVE;
				CLANG_WARN_UNREACHABLE_CODE = YES;
				CLANG_WARN__DUPLICATE_METHOD_MATCH = YES;
				COPY_PHASE_STRIP = NO;
				DEBUG_INFORMATION_FORMAT = "dwarf-with-dsym";
				ENABLE_NS_ASSERTIONS = NO;
				ENABLE_STRICT_OBJC_MSGSEND = YES;
				GCC_C_LANGUAGE_STANDARD = gnu11;
				GCC_NO_COMMON_BLOCKS = YES;
				GCC_WARN_64_TO_32_BIT_CONVERSION = YES;
				GCC_WARN_ABOUT_RETURN_TYPE = YES_ERROR;
				GCC_WARN_UNDECLARED_SELECTOR = YES;
				GCC_WARN_UNINITIALIZED_AUTOS = YES_AGGRESSIVE;
				GCC_WARN_UNUSED_FUNCTION = YES;
				GCC_WARN_UNUSED_VARIABLE = YES;
				IPHONEOS_DEPLOYMENT_TARGET = 13.2;
				MTL_ENABLE_DEBUG_INFO = NO;
				MTL_FAST_MATH = YES;
				SDKROOT = iphoneos;
				SWIFT_COMPILATION_MODE = wholemodule;
				SWIFT_OPTIMIZATION_LEVEL = "-O";
				VALIDATE_PRODUCT = YES;
			};
			name = Release;
		};
		945C596824369CA400FAECE5 /* Debug */ = {
			isa = XCBuildConfiguration;
			baseConfigurationReference = 1174B1B660417650F509D2F8 /* Pods-desafio-ios-gabriel-leal.debug.xcconfig */;
			buildSettings = {
				ASSETCATALOG_COMPILER_APPICON_NAME = AppIcon;
				CODE_SIGN_STYLE = Automatic;
				DEVELOPMENT_TEAM = 67ALGZ83W8;
				INFOPLIST_FILE = "desafio-ios-gabriel-leal/Info.plist";
				LD_RUNPATH_SEARCH_PATHS = (
					"$(inherited)",
					"@executable_path/Frameworks",
				);
				PRODUCT_BUNDLE_IDENTIFIER = "com.desafio-ios-gabriel-leal";
				PRODUCT_NAME = "$(TARGET_NAME)";
				SWIFT_VERSION = 5.0;
				TARGETED_DEVICE_FAMILY = "1,2";
			};
			name = Debug;
		};
		945C596924369CA400FAECE5 /* Release */ = {
			isa = XCBuildConfiguration;
			baseConfigurationReference = 931DF7059A8AA72438D195B7 /* Pods-desafio-ios-gabriel-leal.release.xcconfig */;
			buildSettings = {
				ASSETCATALOG_COMPILER_APPICON_NAME = AppIcon;
				CODE_SIGN_STYLE = Automatic;
				DEVELOPMENT_TEAM = 67ALGZ83W8;
				INFOPLIST_FILE = "desafio-ios-gabriel-leal/Info.plist";
				LD_RUNPATH_SEARCH_PATHS = (
					"$(inherited)",
					"@executable_path/Frameworks",
				);
				PRODUCT_BUNDLE_IDENTIFIER = "com.desafio-ios-gabriel-leal";
				PRODUCT_NAME = "$(TARGET_NAME)";
				SWIFT_VERSION = 5.0;
				TARGETED_DEVICE_FAMILY = "1,2";
			};
			name = Release;
		};
		945C596B24369CA400FAECE5 /* Debug */ = {
			isa = XCBuildConfiguration;
			baseConfigurationReference = C0EBDC74865735D7C401002C /* Pods-desafio-ios-gabriel-lealTests.debug.xcconfig */;
			buildSettings = {
				ALWAYS_EMBED_SWIFT_STANDARD_LIBRARIES = YES;
				BUNDLE_LOADER = "$(TEST_HOST)";
				CODE_SIGN_STYLE = Automatic;
				DEVELOPMENT_TEAM = 67ALGZ83W8;
				INFOPLIST_FILE = "desafio-ios-gabriel-lealTests/Info.plist";
				IPHONEOS_DEPLOYMENT_TARGET = 13.2;
				LD_RUNPATH_SEARCH_PATHS = (
					"$(inherited)",
					"@executable_path/Frameworks",
					"@loader_path/Frameworks",
				);
				PRODUCT_BUNDLE_IDENTIFIER = "com.desafio-ios-gabriel-lealTests";
				PRODUCT_NAME = "$(TARGET_NAME)";
				SWIFT_VERSION = 5.0;
				TARGETED_DEVICE_FAMILY = "1,2";
				TEST_HOST = "$(BUILT_PRODUCTS_DIR)/desafio-ios-gabriel-leal.app/desafio-ios-gabriel-leal";
			};
			name = Debug;
		};
		945C596C24369CA400FAECE5 /* Release */ = {
			isa = XCBuildConfiguration;
			baseConfigurationReference = 2CA693B4745A16DCC8B6111C /* Pods-desafio-ios-gabriel-lealTests.release.xcconfig */;
			buildSettings = {
				ALWAYS_EMBED_SWIFT_STANDARD_LIBRARIES = YES;
				BUNDLE_LOADER = "$(TEST_HOST)";
				CODE_SIGN_STYLE = Automatic;
				DEVELOPMENT_TEAM = 67ALGZ83W8;
				INFOPLIST_FILE = "desafio-ios-gabriel-lealTests/Info.plist";
				IPHONEOS_DEPLOYMENT_TARGET = 13.2;
				LD_RUNPATH_SEARCH_PATHS = (
					"$(inherited)",
					"@executable_path/Frameworks",
					"@loader_path/Frameworks",
				);
				PRODUCT_BUNDLE_IDENTIFIER = "com.desafio-ios-gabriel-lealTests";
				PRODUCT_NAME = "$(TARGET_NAME)";
				SWIFT_VERSION = 5.0;
				TARGETED_DEVICE_FAMILY = "1,2";
				TEST_HOST = "$(BUILT_PRODUCTS_DIR)/desafio-ios-gabriel-leal.app/desafio-ios-gabriel-leal";
			};
			name = Release;
		};
/* End XCBuildConfiguration section */

/* Begin XCConfigurationList section */
		945C594324369CA100FAECE5 /* Build configuration list for PBXProject "desafio-ios-gabriel-leal" */ = {
			isa = XCConfigurationList;
			buildConfigurations = (
				945C596524369CA400FAECE5 /* Debug */,
				945C596624369CA400FAECE5 /* Release */,
			);
			defaultConfigurationIsVisible = 0;
			defaultConfigurationName = Release;
		};
		945C596724369CA400FAECE5 /* Build configuration list for PBXNativeTarget "desafio-ios-gabriel-leal" */ = {
			isa = XCConfigurationList;
			buildConfigurations = (
				945C596824369CA400FAECE5 /* Debug */,
				945C596924369CA400FAECE5 /* Release */,
			);
			defaultConfigurationIsVisible = 0;
			defaultConfigurationName = Release;
		};
		945C596A24369CA400FAECE5 /* Build configuration list for PBXNativeTarget "desafio-ios-gabriel-lealTests" */ = {
			isa = XCConfigurationList;
			buildConfigurations = (
				945C596B24369CA400FAECE5 /* Debug */,
				945C596C24369CA400FAECE5 /* Release */,
			);
			defaultConfigurationIsVisible = 0;
			defaultConfigurationName = Release;
		};
/* End XCConfigurationList section */
	};
	rootObject = 945C594024369CA100FAECE5 /* Project object */;
}
